
Microsoft Visual Studio Solution File, Format Version 12.00
# Visual Studio Version 17
VisualStudioVersion = 17.3.32901.215
MinimumVisualStudioVersion = 10.0.40219.1
Project("{FAE04EC0-301F-11D3-BF4B-00C04F79EFBC}") = "Lab 2", "Lab 2\Lab 2.csproj", "{FF439120-9BEA-43C7-B013-CACCA8E3E06B}"
EndProject
Global
	GlobalSection(SolutionConfigurationPlatforms) = preSolution
		Debug|Any CPU = Debug|Any CPU
		Release|Any CPU = Release|Any CPU
	EndGlobalSection
	GlobalSection(ProjectConfigurationPlatforms) = postSolution
		{FF439120-9BEA-43C7-B013-CACCA8E3E06B}.Debug|Any CPU.ActiveCfg = Debug|Any CPU
		{FF439120-9BEA-43C7-B013-CACCA8E3E06B}.Debug|Any CPU.Build.0 = Debug|Any CPU
		{FF439120-9BEA-43C7-B013-CACCA8E3E06B}.Release|Any CPU.ActiveCfg = Release|Any CPU
		{FF439120-9BEA-43C7-B013-CACCA8E3E06B}.Release|Any CPU.Build.0 = Release|Any CPU
	EndGlobalSection
	GlobalSection(SolutionProperties) = preSolution
		HideSolutionNode = FALSE
	EndGlobalSection
	GlobalSection(ExtensibilityGlobals) = postSolution
		SolutionGuid = {03F81F87-225A-4BB4-B0A1-632646CFB1B2}
	EndGlobalSection
EndGlobal
